
Microsoft Visual Studio Solution File, Format Version 12.00
# Visual Studio Version 16
VisualStudioVersion = 16.0.29709.97
MinimumVisualStudioVersion = 10.0.40219.1
Project("{FAE04EC0-301F-11D3-BF4B-00C04F79EFBC}") = "MailSender", "MailSender\MailSender.csproj", "{93D45949-9DBD-4A4A-9AE0-81938EBC0F6E}"
EndProject
Project("{2150E333-8FDC-42A3-9474-1A3956D46DE8}") = "Tests", "Tests", "{62F505AD-5036-4E9C-898D-DC6A0231137B}"
EndProject
Project("{FAE04EC0-301F-11D3-BF4B-00C04F79EFBC}") = "TestWPF", "Tests\TestWPF\TestWPF.csproj", "{6FA32092-3069-4928-B507-0DC8962C53EF}"
EndProject
Global
	GlobalSection(SolutionConfigurationPlatforms) = preSolution
		Debug|Any CPU = Debug|Any CPU
		Release|Any CPU = Release|Any CPU
	EndGlobalSection
	GlobalSection(ProjectConfigurationPlatforms) = postSolution
		{93D45949-9DBD-4A4A-9AE0-81938EBC0F6E}.Debug|Any CPU.ActiveCfg = Debug|Any CPU
		{93D45949-9DBD-4A4A-9AE0-81938EBC0F6E}.Debug|Any CPU.Build.0 = Debug|Any CPU
		{93D45949-9DBD-4A4A-9AE0-81938EBC0F6E}.Release|Any CPU.ActiveCfg = Release|Any CPU
		{93D45949-9DBD-4A4A-9AE0-81938EBC0F6E}.Release|Any CPU.Build.0 = Release|Any CPU
		{6FA32092-3069-4928-B507-0DC8962C53EF}.Debug|Any CPU.ActiveCfg = Debug|Any CPU
		{6FA32092-3069-4928-B507-0DC8962C53EF}.Debug|Any CPU.Build.0 = Debug|Any CPU
		{6FA32092-3069-4928-B507-0DC8962C53EF}.Release|Any CPU.ActiveCfg = Release|Any CPU
		{6FA32092-3069-4928-B507-0DC8962C53EF}.Release|Any CPU.Build.0 = Release|Any CPU
	EndGlobalSection
	GlobalSection(SolutionProperties) = preSolution
		HideSolutionNode = FALSE
	EndGlobalSection
	GlobalSection(NestedProjects) = preSolution
		{6FA32092-3069-4928-B507-0DC8962C53EF} = {62F505AD-5036-4E9C-898D-DC6A0231137B}
	EndGlobalSection
	GlobalSection(ExtensibilityGlobals) = postSolution
		SolutionGuid = {0C948EE5-52BF-4CD8-90CB-65DEBD176B61}
	EndGlobalSection
EndGlobal
