
Microsoft Visual Studio Solution File, Format Version 12.00
# Visual Studio Version 16
VisualStudioVersion = 16.0.29709.97
MinimumVisualStudioVersion = 10.0.40219.1
Project("{2150E333-8FDC-42A3-9474-1A3956D46DE8}") = "Tests", "Tests", "{62F505AD-5036-4E9C-898D-DC6A0231137B}"
EndProject
Project("{9A19103F-16F7-4668-BE54-9A1E7A4F7556}") = "MailSender", "MailSender\MailSender.csproj", "{E31A6938-C934-4BD5-889E-E13A8A85DCF1}"
EndProject
Project("{9A19103F-16F7-4668-BE54-9A1E7A4F7556}") = "TestWPF", "Tests\TestWPF\TestWPF.csproj", "{762363C0-17D3-4FC1-B92C-E4A380184E25}"
EndProject
Project("{9A19103F-16F7-4668-BE54-9A1E7A4F7556}") = "MailSender.lib", "MailSender.lib\MailSender.lib.csproj", "{1DF3134A-4496-4E2B-8091-109BFA23A80B}"
EndProject
Project("{9A19103F-16F7-4668-BE54-9A1E7A4F7556}") = "MailSender.lib.Tests", "Tests\MailSender.lib.Tests\MailSender.lib.Tests.csproj", "{1ED86608-2C8C-4EF1-B99A-E84C68AAD2FF}"
EndProject
Project("{9A19103F-16F7-4668-BE54-9A1E7A4F7556}") = "TestConsole", "Tests\TestConsole\TestConsole.csproj", "{6E684F9B-2708-414F-99C1-8021668BB41D}"
EndProject
Project("{FAE04EC0-301F-11D3-BF4B-00C04F79EFBC}") = "TestLib", "Tests\TestLib\TestLib.csproj", "{3B240FA0-8770-4A44-B842-B9FB122EF70F}"
EndProject
Global
	GlobalSection(SolutionConfigurationPlatforms) = preSolution
		Debug|Any CPU = Debug|Any CPU
		Release|Any CPU = Release|Any CPU
	EndGlobalSection
	GlobalSection(ProjectConfigurationPlatforms) = postSolution
		{E31A6938-C934-4BD5-889E-E13A8A85DCF1}.Debug|Any CPU.ActiveCfg = Debug|Any CPU
		{E31A6938-C934-4BD5-889E-E13A8A85DCF1}.Debug|Any CPU.Build.0 = Debug|Any CPU
		{E31A6938-C934-4BD5-889E-E13A8A85DCF1}.Release|Any CPU.ActiveCfg = Release|Any CPU
		{E31A6938-C934-4BD5-889E-E13A8A85DCF1}.Release|Any CPU.Build.0 = Release|Any CPU
		{762363C0-17D3-4FC1-B92C-E4A380184E25}.Debug|Any CPU.ActiveCfg = Debug|Any CPU
		{762363C0-17D3-4FC1-B92C-E4A380184E25}.Debug|Any CPU.Build.0 = Debug|Any CPU
		{762363C0-17D3-4FC1-B92C-E4A380184E25}.Release|Any CPU.ActiveCfg = Release|Any CPU
		{762363C0-17D3-4FC1-B92C-E4A380184E25}.Release|Any CPU.Build.0 = Release|Any CPU
		{1DF3134A-4496-4E2B-8091-109BFA23A80B}.Debug|Any CPU.ActiveCfg = Debug|Any CPU
		{1DF3134A-4496-4E2B-8091-109BFA23A80B}.Debug|Any CPU.Build.0 = Debug|Any CPU
		{1DF3134A-4496-4E2B-8091-109BFA23A80B}.Release|Any CPU.ActiveCfg = Release|Any CPU
		{1DF3134A-4496-4E2B-8091-109BFA23A80B}.Release|Any CPU.Build.0 = Release|Any CPU
		{1ED86608-2C8C-4EF1-B99A-E84C68AAD2FF}.Debug|Any CPU.ActiveCfg = Debug|Any CPU
		{1ED86608-2C8C-4EF1-B99A-E84C68AAD2FF}.Debug|Any CPU.Build.0 = Debug|Any CPU
		{1ED86608-2C8C-4EF1-B99A-E84C68AAD2FF}.Release|Any CPU.ActiveCfg = Release|Any CPU
		{1ED86608-2C8C-4EF1-B99A-E84C68AAD2FF}.Release|Any CPU.Build.0 = Release|Any CPU
		{6E684F9B-2708-414F-99C1-8021668BB41D}.Debug|Any CPU.ActiveCfg = Debug|Any CPU
		{6E684F9B-2708-414F-99C1-8021668BB41D}.Debug|Any CPU.Build.0 = Debug|Any CPU
		{6E684F9B-2708-414F-99C1-8021668BB41D}.Release|Any CPU.ActiveCfg = Release|Any CPU
		{6E684F9B-2708-414F-99C1-8021668BB41D}.Release|Any CPU.Build.0 = Release|Any CPU
		{3B240FA0-8770-4A44-B842-B9FB122EF70F}.Debug|Any CPU.ActiveCfg = Debug|Any CPU
		{3B240FA0-8770-4A44-B842-B9FB122EF70F}.Debug|Any CPU.Build.0 = Debug|Any CPU
		{3B240FA0-8770-4A44-B842-B9FB122EF70F}.Release|Any CPU.ActiveCfg = Release|Any CPU
		{3B240FA0-8770-4A44-B842-B9FB122EF70F}.Release|Any CPU.Build.0 = Release|Any CPU
	EndGlobalSection
	GlobalSection(SolutionProperties) = preSolution
		HideSolutionNode = FALSE
	EndGlobalSection
	GlobalSection(NestedProjects) = preSolution
		{762363C0-17D3-4FC1-B92C-E4A380184E25} = {62F505AD-5036-4E9C-898D-DC6A0231137B}
		{1ED86608-2C8C-4EF1-B99A-E84C68AAD2FF} = {62F505AD-5036-4E9C-898D-DC6A0231137B}
		{6E684F9B-2708-414F-99C1-8021668BB41D} = {62F505AD-5036-4E9C-898D-DC6A0231137B}
		{3B240FA0-8770-4A44-B842-B9FB122EF70F} = {62F505AD-5036-4E9C-898D-DC6A0231137B}
	EndGlobalSection
	GlobalSection(ExtensibilityGlobals) = postSolution
		SolutionGuid = {0C948EE5-52BF-4CD8-90CB-65DEBD176B61}
	EndGlobalSection
EndGlobal
